Microsoft Visual Studio Solution File, Format Version 12.00
# Visual Studio 15
VisualStudioVersion = 15.0.26430.6
MinimumVisualStudioVersion = 15.0.26124.0
Project("{FAE04EC0-301F-11D3-BF4B-00C04F79EFBC}") = "tests", "tests\tests.csproj", "{9EBD0133-3D9B-4A85-B846-DA4503D66227}"
EndProject
Project("{2150E333-8FDC-42A3-9474-1A3956D46DE8}") = "protobuf-to-xsd", "protobuf-to-xsd", "{F1D71BC7-4B64-42D2-81B4-E70EE0A44127}"
	ProjectSection(SolutionItems) = preProject
		common.xslt = common.xslt
		csharp.xslt = csharp.xslt
		descriptor.proto = descriptor.proto
		protobuf-net.dll = protobuf-net.dll
		protobuf-net.pdb = protobuf-net.pdb
		protobuf-net.xml = protobuf-net.xml
		protoc-license.txt = protoc-license.txt
		protogen-license.txt = protogen-license.txt
		protogen.exe = protogen.exe
		protogen.exe.config = protogen.exe.config
		protogen.pdb = protogen.pdb
		readme.md = readme.md
		vb.xslt = vb.xslt
		xml.xslt = xml.xslt
		xsd-attributes.xslt = xsd-attributes.xslt
	EndProjectSection
EndProject
Global
	GlobalSection(SolutionConfigurationPlatforms) = preSolution
		Debug|Any CPU = Debug|Any CPU
		Release|Any CPU = Release|Any CPU
	EndGlobalSection
	GlobalSection(ProjectConfigurationPlatforms) = postSolution
		{9EBD0133-3D9B-4A85-B846-DA4503D66227}.Debug|Any CPU.ActiveCfg = Debug|Any CPU
		{9EBD0133-3D9B-4A85-B846-DA4503D66227}.Debug|Any CPU.Build.0 = Debug|Any CPU
		{9EBD0133-3D9B-4A85-B846-DA4503D66227}.Release|Any CPU.ActiveCfg = Release|Any CPU
		{9EBD0133-3D9B-4A85-B846-DA4503D66227}.Release|Any CPU.Build.0 = Release|Any CPU
	EndGlobalSection
	GlobalSection(SolutionProperties) = preSolution
		HideSolutionNode = FALSE
	EndGlobalSection
EndGlobal
